
Microsoft Visual Studio Solution File, Format Version 12.00
# Visual Studio Version 16
VisualStudioVersion = 16.0.29920.165
MinimumVisualStudioVersion = 10.0.40219.1
Project("{9A19103F-16F7-4668-BE54-9A1E7A4F7556}") = "SmartReview.DataAnalyzer", "SmartReview.DataAnalyzer\SmartReview.DataAnalyzer.csproj", "{056C3789-CF69-4D21-BE22-3E24645530B5}"
EndProject
Project("{9A19103F-16F7-4668-BE54-9A1E7A4F7556}") = "SmartReview.DataAnalyzer.ConsoleClient", "SmartReview.DataAnalyzer.ConsoleClient\SmartReview.DataAnalyzer.ConsoleClient.csproj", "{8AD91152-1406-4089-886C-791E60ABBD8A}"
EndProject
Project("{FAE04EC0-301F-11D3-BF4B-00C04F79EFBC}") = "SmartReview.DataAnalyzer.Sentiment", "SmartReview.DataAnalyzer.Sentiment\SmartReview.DataAnalyzer.Sentiment.csproj", "{5AF6E00D-4F6C-408B-9E2A-AE86424AD5AD}"
EndProject
Project("{FAE04EC0-301F-11D3-BF4B-00C04F79EFBC}") = "SmartReview.DataAnalyzer.Classification", "SmartReview.DataAnalyzer.Classification\SmartReview.DataAnalyzer.Classification.csproj", "{5A4A15DF-F084-42B0-BD8C-394B9CE6A3C0}"
EndProject
Project("{FAE04EC0-301F-11D3-BF4B-00C04F79EFBC}") = "SmartReview.DataAnalyzer.WebApi", "SmartReview.DataAnalyzer.WebApi\SmartReview.DataAnalyzer.WebApi.csproj", "{8F87E35B-F78C-48C0-9600-A76A784A0661}"
EndProject
Global
	GlobalSection(SolutionConfigurationPlatforms) = preSolution
		Debug|Any CPU = Debug|Any CPU
		Release|Any CPU = Release|Any CPU
	EndGlobalSection
	GlobalSection(ProjectConfigurationPlatforms) = postSolution
		{056C3789-CF69-4D21-BE22-3E24645530B5}.Debug|Any CPU.ActiveCfg = Debug|Any CPU
		{056C3789-CF69-4D21-BE22-3E24645530B5}.Debug|Any CPU.Build.0 = Debug|Any CPU
		{056C3789-CF69-4D21-BE22-3E24645530B5}.Release|Any CPU.ActiveCfg = Release|Any CPU
		{056C3789-CF69-4D21-BE22-3E24645530B5}.Release|Any CPU.Build.0 = Release|Any CPU
		{8AD91152-1406-4089-886C-791E60ABBD8A}.Debug|Any CPU.ActiveCfg = Debug|Any CPU
		{8AD91152-1406-4089-886C-791E60ABBD8A}.Debug|Any CPU.Build.0 = Debug|Any CPU
		{8AD91152-1406-4089-886C-791E60ABBD8A}.Release|Any CPU.ActiveCfg = Release|Any CPU
		{8AD91152-1406-4089-886C-791E60ABBD8A}.Release|Any CPU.Build.0 = Release|Any CPU
		{5AF6E00D-4F6C-408B-9E2A-AE86424AD5AD}.Debug|Any CPU.ActiveCfg = Debug|Any CPU
		{5AF6E00D-4F6C-408B-9E2A-AE86424AD5AD}.Debug|Any CPU.Build.0 = Debug|Any CPU
		{5AF6E00D-4F6C-408B-9E2A-AE86424AD5AD}.Release|Any CPU.ActiveCfg = Release|Any CPU
		{5AF6E00D-4F6C-408B-9E2A-AE86424AD5AD}.Release|Any CPU.Build.0 = Release|Any CPU
		{5A4A15DF-F084-42B0-BD8C-394B9CE6A3C0}.Debug|Any CPU.ActiveCfg = Debug|Any CPU
		{5A4A15DF-F084-42B0-BD8C-394B9CE6A3C0}.Debug|Any CPU.Build.0 = Debug|Any CPU
		{5A4A15DF-F084-42B0-BD8C-394B9CE6A3C0}.Release|Any CPU.ActiveCfg = Release|Any CPU
		{5A4A15DF-F084-42B0-BD8C-394B9CE6A3C0}.Release|Any CPU.Build.0 = Release|Any CPU
		{8F87E35B-F78C-48C0-9600-A76A784A0661}.Debug|Any CPU.ActiveCfg = Debug|Any CPU
		{8F87E35B-F78C-48C0-9600-A76A784A0661}.Debug|Any CPU.Build.0 = Debug|Any CPU
		{8F87E35B-F78C-48C0-9600-A76A784A0661}.Release|Any CPU.ActiveCfg = Release|Any CPU
		{8F87E35B-F78C-48C0-9600-A76A784A0661}.Release|Any CPU.Build.0 = Release|Any CPU
	EndGlobalSection
	GlobalSection(SolutionProperties) = preSolution
		HideSolutionNode = FALSE
	EndGlobalSection
	GlobalSection(ExtensibilityGlobals) = postSolution
		SolutionGuid = {DDF1DF2B-2004-4DA6-ACB9-1DABFD134A28}
	EndGlobalSection
EndGlobal
